
Microsoft Visual Studio Solution File, Format Version 12.00
# Visual Studio 2012
Project("{FAE04EC0-301F-11D3-BF4B-00C04F79EFBC}") = "BasicBattleTracking", "BasicBattleTracking\BasicBattleTracking.csproj", "{782338CD-38D1-4304-99CD-FC251FEF4EEF}"
EndProject
Global
	GlobalSection(SolutionConfigurationPlatforms) = preSolution
		Debug|Any CPU = Debug|Any CPU
		Release|Any CPU = Release|Any CPU
	EndGlobalSection
	GlobalSection(ProjectConfigurationPlatforms) = postSolution
		{782338CD-38D1-4304-99CD-FC251FEF4EEF}.Debug|Any CPU.ActiveCfg = Debug|Any CPU
		{782338CD-38D1-4304-99CD-FC251FEF4EEF}.Debug|Any CPU.Build.0 = Debug|Any CPU
		{782338CD-38D1-4304-99CD-FC251FEF4EEF}.Release|Any CPU.ActiveCfg = Release|Any CPU
		{782338CD-38D1-4304-99CD-FC251FEF4EEF}.Release|Any CPU.Build.0 = Release|Any CPU
	EndGlobalSection
	GlobalSection(SolutionProperties) = preSolution
		HideSolutionNode = FALSE
	EndGlobalSection
EndGlobal
